
Microsoft Visual Studio Solution File, Format Version 12.00
# Visual Studio Version 17
VisualStudioVersion = 17.7.34031.279
MinimumVisualStudioVersion = 10.0.40219.1
Project("{FAE04EC0-301F-11D3-BF4B-00C04F79EFBC}") = "hafta4_odev", "hafta4_odev\hafta4_odev.csproj", "{94747A97-6B24-465E-A933-F21DDBF67F4B}"
EndProject
Global
	GlobalSection(SolutionConfigurationPlatforms) = preSolution
		Debug|Any CPU = Debug|Any CPU
		Release|Any CPU = Release|Any CPU
	EndGlobalSection
	GlobalSection(ProjectConfigurationPlatforms) = postSolution
		{94747A97-6B24-465E-A933-F21DDBF67F4B}.Debug|Any CPU.ActiveCfg = Debug|Any CPU
		{94747A97-6B24-465E-A933-F21DDBF67F4B}.Debug|Any CPU.Build.0 = Debug|Any CPU
		{94747A97-6B24-465E-A933-F21DDBF67F4B}.Release|Any CPU.ActiveCfg = Release|Any CPU
		{94747A97-6B24-465E-A933-F21DDBF67F4B}.Release|Any CPU.Build.0 = Release|Any CPU
	EndGlobalSection
	GlobalSection(SolutionProperties) = preSolution
		HideSolutionNode = FALSE
	EndGlobalSection
	GlobalSection(ExtensibilityGlobals) = postSolution
		SolutionGuid = {CC50C8B4-59C0-4113-811C-FE4C9FF6843F}
	EndGlobalSection
EndGlobal
